
Microsoft Visual Studio Solution File, Format Version 12.00
# Visual Studio Version 16
VisualStudioVersion = 16.0.30503.244
MinimumVisualStudioVersion = 10.0.40219.1
Project("{D954291E-2A0B-460D-934E-DC6B0785DB48}") = "XChecklistReader.Shared", "XChecklistReader\XChecklistReader.Shared\XChecklistReader.Shared.shproj", "{6279C845-92F8-4333-AB99-3D213163593C}"
EndProject
Project("{FAE04EC0-301F-11D3-BF4B-00C04F79EFBC}") = "XChecklistReader.iOS", "XChecklistReader\XChecklistReader.iOS\XChecklistReader.iOS.csproj", "{F636EFB3-4DFB-43CA-A792-B1ED79E85559}"
EndProject
Project("{FAE04EC0-301F-11D3-BF4B-00C04F79EFBC}") = "XChecklistReader.UWP", "XChecklistReader\XChecklistReader.UWP\XChecklistReader.UWP.csproj", "{BE6FF61B-8043-4144-B30E-97A7E6F135B6}"
EndProject
Project("{9A19103F-16F7-4668-BE54-9A1E7A4F7556}") = "XChecklistReader.Wasm", "XChecklistReader\XChecklistReader.Wasm\XChecklistReader.Wasm.csproj", "{116B196B-B6DA-423A-A11D-38368D546054}"
EndProject
Project("{FAE04EC0-301F-11D3-BF4B-00C04F79EFBC}") = "XChecklistReader.macOS", "XChecklistReader\XChecklistReader.macOS\XChecklistReader.macOS.csproj", "{9A282B60-DA8F-4E86-9A42-4310DB0D54F9}"
EndProject
Project("{9A19103F-16F7-4668-BE54-9A1E7A4F7556}") = "XChecklistReader.Shared.Test", "XChecklistReader.Shared.Test\XChecklistReader.Shared.Test.csproj", "{789825B0-9274-447A-A63F-9EF52150142E}"
EndProject
Project("{FAE04EC0-301F-11D3-BF4B-00C04F79EFBC}") = "XChecklistReader.Services", "XChecklistReader.Services\XChecklistReader.Services.csproj", "{FF05126E-E479-47C5-AA90-ADA6A207745E}"
EndProject
Global
	GlobalSection(SharedMSBuildProjectFiles) = preSolution
		XChecklistReader\XChecklistReader.Shared\XChecklistReader.Shared.projitems*{116b196b-b6da-423a-a11d-38368d546054}*SharedItemsImports = 5
		XChecklistReader\XChecklistReader.Shared\XChecklistReader.Shared.projitems*{6279c845-92f8-4333-ab99-3d213163593c}*SharedItemsImports = 13
		XChecklistReader\XChecklistReader.Shared\XChecklistReader.Shared.projitems*{9a282b60-da8f-4e86-9a42-4310db0d54f9}*SharedItemsImports = 4
		XChecklistReader\XChecklistReader.Shared\XChecklistReader.Shared.projitems*{be6ff61b-8043-4144-b30e-97a7e6f135b6}*SharedItemsImports = 4
		XChecklistReader\XChecklistReader.Shared\XChecklistReader.Shared.projitems*{f636efb3-4dfb-43ca-a792-b1ed79e85559}*SharedItemsImports = 4
	EndGlobalSection
	GlobalSection(SolutionConfigurationPlatforms) = preSolution
		Ad-Hoc|Any CPU = Ad-Hoc|Any CPU
		Ad-Hoc|ARM = Ad-Hoc|ARM
		Ad-Hoc|ARM64 = Ad-Hoc|ARM64
		Ad-Hoc|iPhone = Ad-Hoc|iPhone
		Ad-Hoc|iPhoneSimulator = Ad-Hoc|iPhoneSimulator
		Ad-Hoc|x64 = Ad-Hoc|x64
		Ad-Hoc|x86 = Ad-Hoc|x86
		AppStore|Any CPU = AppStore|Any CPU
		AppStore|ARM = AppStore|ARM
		AppStore|ARM64 = AppStore|ARM64
		AppStore|iPhone = AppStore|iPhone
		AppStore|iPhoneSimulator = AppStore|iPhoneSimulator
		AppStore|x64 = AppStore|x64
		AppStore|x86 = AppStore|x86
		Debug|Any CPU = Debug|Any CPU
		Debug|ARM = Debug|ARM
		Debug|ARM64 = Debug|ARM64
		Debug|iPhone = Debug|iPhone
		Debug|iPhoneSimulator = Debug|iPhoneSimulator
		Debug|x64 = Debug|x64
		Debug|x86 = Debug|x86
		Release|Any CPU = Release|Any CPU
		Release|ARM = Release|ARM
		Release|ARM64 = Release|ARM64
		Release|iPhone = Release|iPhone
		Release|iPhoneSimulator = Release|iPhoneSimulator
		Release|x64 = Release|x64
		Release|x86 = Release|x86
	EndGlobalSection
	GlobalSection(ProjectConfigurationPlatforms) = postSolution
		{F636EFB3-4DFB-43CA-A792-B1ED79E85559}.Ad-Hoc|Any CPU.ActiveCfg = Ad-Hoc|iPhoneSimulator
		{F636EFB3-4DFB-43CA-A792-B1ED79E85559}.Ad-Hoc|ARM.ActiveCfg = Ad-Hoc|iPhoneSimulator
		{F636EFB3-4DFB-43CA-A792-B1ED79E85559}.Ad-Hoc|ARM64.ActiveCfg = Ad-Hoc|iPhoneSimulator
		{F636EFB3-4DFB-43CA-A792-B1ED79E85559}.Ad-Hoc|iPhone.ActiveCfg = Ad-Hoc|iPhone
		{F636EFB3-4DFB-43CA-A792-B1ED79E85559}.Ad-Hoc|iPhone.Build.0 = Ad-Hoc|iPhone
		{F636EFB3-4DFB-43CA-A792-B1ED79E85559}.Ad-Hoc|iPhoneSimulator.ActiveCfg = Ad-Hoc|iPhoneSimulator
		{F636EFB3-4DFB-43CA-A792-B1ED79E85559}.Ad-Hoc|iPhoneSimulator.Build.0 = Ad-Hoc|iPhoneSimulator
		{F636EFB3-4DFB-43CA-A792-B1ED79E85559}.Ad-Hoc|x64.ActiveCfg = Ad-Hoc|iPhoneSimulator
		{F636EFB3-4DFB-43CA-A792-B1ED79E85559}.Ad-Hoc|x86.ActiveCfg = Ad-Hoc|iPhoneSimulator
		{F636EFB3-4DFB-43CA-A792-B1ED79E85559}.AppStore|Any CPU.ActiveCfg = AppStore|iPhoneSimulator
		{F636EFB3-4DFB-43CA-A792-B1ED79E85559}.AppStore|ARM.ActiveCfg = AppStore|iPhoneSimulator
		{F636EFB3-4DFB-43CA-A792-B1ED79E85559}.AppStore|ARM64.ActiveCfg = AppStore|iPhoneSimulator
		{F636EFB3-4DFB-43CA-A792-B1ED79E85559}.AppStore|iPhone.ActiveCfg = AppStore|iPhone
		{F636EFB3-4DFB-43CA-A792-B1ED79E85559}.AppStore|iPhone.Build.0 = AppStore|iPhone
		{F636EFB3-4DFB-43CA-A792-B1ED79E85559}.AppStore|iPhoneSimulator.ActiveCfg = AppStore|iPhoneSimulator
		{F636EFB3-4DFB-43CA-A792-B1ED79E85559}.AppStore|iPhoneSimulator.Build.0 = AppStore|iPhoneSimulator
		{F636EFB3-4DFB-43CA-A792-B1ED79E85559}.AppStore|x64.ActiveCfg = AppStore|iPhoneSimulator
		{F636EFB3-4DFB-43CA-A792-B1ED79E85559}.AppStore|x86.ActiveCfg = AppStore|iPhoneSimulator
		{F636EFB3-4DFB-43CA-A792-B1ED79E85559}.Debug|Any CPU.ActiveCfg = Debug|iPhoneSimulator
		{F636EFB3-4DFB-43CA-A792-B1ED79E85559}.Debug|ARM.ActiveCfg = Debug|iPhoneSimulator
		{F636EFB3-4DFB-43CA-A792-B1ED79E85559}.Debug|ARM64.ActiveCfg = Debug|iPhoneSimulator
		{F636EFB3-4DFB-43CA-A792-B1ED79E85559}.Debug|iPhone.ActiveCfg = Debug|iPhone
		{F636EFB3-4DFB-43CA-A792-B1ED79E85559}.Debug|iPhone.Build.0 = Debug|iPhone
		{F636EFB3-4DFB-43CA-A792-B1ED79E85559}.Debug|iPhoneSimulator.ActiveCfg = Debug|iPhoneSimulator
		{F636EFB3-4DFB-43CA-A792-B1ED79E85559}.Debug|iPhoneSimulator.Build.0 = Debug|iPhoneSimulator
		{F636EFB3-4DFB-43CA-A792-B1ED79E85559}.Debug|x64.ActiveCfg = Debug|iPhoneSimulator
		{F636EFB3-4DFB-43CA-A792-B1ED79E85559}.Debug|x86.ActiveCfg = Debug|iPhoneSimulator
		{F636EFB3-4DFB-43CA-A792-B1ED79E85559}.Release|Any CPU.ActiveCfg = Release|iPhoneSimulator
		{F636EFB3-4DFB-43CA-A792-B1ED79E85559}.Release|ARM.ActiveCfg = Release|iPhoneSimulator
		{F636EFB3-4DFB-43CA-A792-B1ED79E85559}.Release|ARM64.ActiveCfg = Release|iPhoneSimulator
		{F636EFB3-4DFB-43CA-A792-B1ED79E85559}.Release|iPhone.ActiveCfg = Release|iPhone
		{F636EFB3-4DFB-43CA-A792-B1ED79E85559}.Release|iPhone.Build.0 = Release|iPhone
		{F636EFB3-4DFB-43CA-A792-B1ED79E85559}.Release|iPhoneSimulator.ActiveCfg = Release|iPhoneSimulator
		{F636EFB3-4DFB-43CA-A792-B1ED79E85559}.Release|iPhoneSimulator.Build.0 = Release|iPhoneSimulator
		{F636EFB3-4DFB-43CA-A792-B1ED79E85559}.Release|x64.ActiveCfg = Release|iPhoneSimulator
		{F636EFB3-4DFB-43CA-A792-B1ED79E85559}.Release|x86.ActiveCfg = Release|iPhoneSimulator
		{BE6FF61B-8043-4144-B30E-97A7E6F135B6}.Ad-Hoc|Any CPU.ActiveCfg = Debug|x86
		{BE6FF61B-8043-4144-B30E-97A7E6F135B6}.Ad-Hoc|Any CPU.Build.0 = Debug|x86
		{BE6FF61B-8043-4144-B30E-97A7E6F135B6}.Ad-Hoc|Any CPU.Deploy.0 = Debug|x86
		{BE6FF61B-8043-4144-B30E-97A7E6F135B6}.Ad-Hoc|ARM.ActiveCfg = Debug|ARM
		{BE6FF61B-8043-4144-B30E-97A7E6F135B6}.Ad-Hoc|ARM.Build.0 = Debug|ARM
		{BE6FF61B-8043-4144-B30E-97A7E6F135B6}.Ad-Hoc|ARM.Deploy.0 = Debug|ARM
		{BE6FF61B-8043-4144-B30E-97A7E6F135B6}.Ad-Hoc|ARM64.ActiveCfg = Debug|ARM64
		{BE6FF61B-8043-4144-B30E-97A7E6F135B6}.Ad-Hoc|ARM64.Build.0 = Debug|ARM64
		{BE6FF61B-8043-4144-B30E-97A7E6F135B6}.Ad-Hoc|ARM64.Deploy.0 = Debug|ARM64
		{BE6FF61B-8043-4144-B30E-97A7E6F135B6}.Ad-Hoc|iPhone.ActiveCfg = Debug|x86
		{BE6FF61B-8043-4144-B30E-97A7E6F135B6}.Ad-Hoc|iPhone.Build.0 = Debug|x86
		{BE6FF61B-8043-4144-B30E-97A7E6F135B6}.Ad-Hoc|iPhone.Deploy.0 = Debug|x86
		{BE6FF61B-8043-4144-B30E-97A7E6F135B6}.Ad-Hoc|iPhoneSimulator.ActiveCfg = Debug|x86
		{BE6FF61B-8043-4144-B30E-97A7E6F135B6}.Ad-Hoc|iPhoneSimulator.Build.0 = Debug|x86
		{BE6FF61B-8043-4144-B30E-97A7E6F135B6}.Ad-Hoc|iPhoneSimulator.Deploy.0 = Debug|x86
		{BE6FF61B-8043-4144-B30E-97A7E6F135B6}.Ad-Hoc|x64.ActiveCfg = Debug|x64
		{BE6FF61B-8043-4144-B30E-97A7E6F135B6}.Ad-Hoc|x64.Build.0 = Debug|x64
		{BE6FF61B-8043-4144-B30E-97A7E6F135B6}.Ad-Hoc|x64.Deploy.0 = Debug|x64
		{BE6FF61B-8043-4144-B30E-97A7E6F135B6}.Ad-Hoc|x86.ActiveCfg = Debug|x86
		{BE6FF61B-8043-4144-B30E-97A7E6F135B6}.Ad-Hoc|x86.Build.0 = Debug|x86
		{BE6FF61B-8043-4144-B30E-97A7E6F135B6}.Ad-Hoc|x86.Deploy.0 = Debug|x86
		{BE6FF61B-8043-4144-B30E-97A7E6F135B6}.AppStore|Any CPU.ActiveCfg = Debug|x86
		{BE6FF61B-8043-4144-B30E-97A7E6F135B6}.AppStore|Any CPU.Build.0 = Debug|x86
		{BE6FF61B-8043-4144-B30E-97A7E6F135B6}.AppStore|Any CPU.Deploy.0 = Debug|x86
		{BE6FF61B-8043-4144-B30E-97A7E6F135B6}.AppStore|ARM.ActiveCfg = Debug|ARM
		{BE6FF61B-8043-4144-B30E-97A7E6F135B6}.AppStore|ARM.Build.0 = Debug|ARM
		{BE6FF61B-8043-4144-B30E-97A7E6F135B6}.AppStore|ARM.Deploy.0 = Debug|ARM
		{BE6FF61B-8043-4144-B30E-97A7E6F135B6}.AppStore|ARM64.ActiveCfg = Debug|ARM64
		{BE6FF61B-8043-4144-B30E-97A7E6F135B6}.AppStore|ARM64.Build.0 = Debug|ARM64
		{BE6FF61B-8043-4144-B30E-97A7E6F135B6}.AppStore|ARM64.Deploy.0 = Debug|ARM64
		{BE6FF61B-8043-4144-B30E-97A7E6F135B6}.AppStore|iPhone.ActiveCfg = Debug|x86
		{BE6FF61B-8043-4144-B30E-97A7E6F135B6}.AppStore|iPhone.Build.0 = Debug|x86
		{BE6FF61B-8043-4144-B30E-97A7E6F135B6}.AppStore|iPhone.Deploy.0 = Debug|x86
		{BE6FF61B-8043-4144-B30E-97A7E6F135B6}.AppStore|iPhoneSimulator.ActiveCfg = Debug|x86
		{BE6FF61B-8043-4144-B30E-97A7E6F135B6}.AppStore|iPhoneSimulator.Build.0 = Debug|x86
		{BE6FF61B-8043-4144-B30E-97A7E6F135B6}.AppStore|iPhoneSimulator.Deploy.0 = Debug|x86
		{BE6FF61B-8043-4144-B30E-97A7E6F135B6}.AppStore|x64.ActiveCfg = Debug|x64
		{BE6FF61B-8043-4144-B30E-97A7E6F135B6}.AppStore|x64.Build.0 = Debug|x64
		{BE6FF61B-8043-4144-B30E-97A7E6F135B6}.AppStore|x64.Deploy.0 = Debug|x64
		{BE6FF61B-8043-4144-B30E-97A7E6F135B6}.AppStore|x86.ActiveCfg = Debug|x86
		{BE6FF61B-8043-4144-B30E-97A7E6F135B6}.AppStore|x86.Build.0 = Debug|x86
		{BE6FF61B-8043-4144-B30E-97A7E6F135B6}.AppStore|x86.Deploy.0 = Debug|x86
		{BE6FF61B-8043-4144-B30E-97A7E6F135B6}.Debug|Any CPU.ActiveCfg = Debug|x86
		{BE6FF61B-8043-4144-B30E-97A7E6F135B6}.Debug|ARM.ActiveCfg = Debug|ARM
		{BE6FF61B-8043-4144-B30E-97A7E6F135B6}.Debug|ARM.Build.0 = Debug|ARM
		{BE6FF61B-8043-4144-B30E-97A7E6F135B6}.Debug|ARM.Deploy.0 = Debug|ARM
		{BE6FF61B-8043-4144-B30E-97A7E6F135B6}.Debug|ARM64.ActiveCfg = Debug|ARM64
		{BE6FF61B-8043-4144-B30E-97A7E6F135B6}.Debug|ARM64.Build.0 = Debug|ARM64
		{BE6FF61B-8043-4144-B30E-97A7E6F135B6}.Debug|ARM64.Deploy.0 = Debug|ARM64
		{BE6FF61B-8043-4144-B30E-97A7E6F135B6}.Debug|iPhone.ActiveCfg = Debug|x86
		{BE6FF61B-8043-4144-B30E-97A7E6F135B6}.Debug|iPhoneSimulator.ActiveCfg = Debug|x86
		{BE6FF61B-8043-4144-B30E-97A7E6F135B6}.Debug|x64.ActiveCfg = Debug|x64
		{BE6FF61B-8043-4144-B30E-97A7E6F135B6}.Debug|x64.Build.0 = Debug|x64
		{BE6FF61B-8043-4144-B30E-97A7E6F135B6}.Debug|x64.Deploy.0 = Debug|x64
		{BE6FF61B-8043-4144-B30E-97A7E6F135B6}.Debug|x86.ActiveCfg = Debug|x86
		{BE6FF61B-8043-4144-B30E-97A7E6F135B6}.Debug|x86.Build.0 = Debug|x86
		{BE6FF61B-8043-4144-B30E-97A7E6F135B6}.Debug|x86.Deploy.0 = Debug|x86
		{BE6FF61B-8043-4144-B30E-97A7E6F135B6}.Release|Any CPU.ActiveCfg = Release|x86
		{BE6FF61B-8043-4144-B30E-97A7E6F135B6}.Release|ARM.ActiveCfg = Release|ARM
		{BE6FF61B-8043-4144-B30E-97A7E6F135B6}.Release|ARM.Build.0 = Release|ARM
		{BE6FF61B-8043-4144-B30E-97A7E6F135B6}.Release|ARM.Deploy.0 = Release|ARM
		{BE6FF61B-8043-4144-B30E-97A7E6F135B6}.Release|ARM64.ActiveCfg = Release|ARM64
		{BE6FF61B-8043-4144-B30E-97A7E6F135B6}.Release|ARM64.Build.0 = Release|ARM64
		{BE6FF61B-8043-4144-B30E-97A7E6F135B6}.Release|ARM64.Deploy.0 = Release|ARM64
		{BE6FF61B-8043-4144-B30E-97A7E6F135B6}.Release|iPhone.ActiveCfg = Release|x86
		{BE6FF61B-8043-4144-B30E-97A7E6F135B6}.Release|iPhoneSimulator.ActiveCfg = Release|x86
		{BE6FF61B-8043-4144-B30E-97A7E6F135B6}.Release|x64.ActiveCfg = Release|x64
		{BE6FF61B-8043-4144-B30E-97A7E6F135B6}.Release|x64.Build.0 = Release|x64
		{BE6FF61B-8043-4144-B30E-97A7E6F135B6}.Release|x64.Deploy.0 = Release|x64
		{BE6FF61B-8043-4144-B30E-97A7E6F135B6}.Release|x86.ActiveCfg = Release|x86
		{BE6FF61B-8043-4144-B30E-97A7E6F135B6}.Release|x86.Build.0 = Release|x86
		{BE6FF61B-8043-4144-B30E-97A7E6F135B6}.Release|x86.Deploy.0 = Release|x86
		{116B196B-B6DA-423A-A11D-38368D546054}.Ad-Hoc|Any CPU.ActiveCfg = Release|Any CPU
		{116B196B-B6DA-423A-A11D-38368D546054}.Ad-Hoc|Any CPU.Build.0 = Release|Any CPU
		{116B196B-B6DA-423A-A11D-38368D546054}.Ad-Hoc|ARM.ActiveCfg = Release|Any CPU
		{116B196B-B6DA-423A-A11D-38368D546054}.Ad-Hoc|ARM.Build.0 = Release|Any CPU
		{116B196B-B6DA-423A-A11D-38368D546054}.Ad-Hoc|ARM64.ActiveCfg = Release|Any CPU
		{116B196B-B6DA-423A-A11D-38368D546054}.Ad-Hoc|ARM64.Build.0 = Release|Any CPU
		{116B196B-B6DA-423A-A11D-38368D546054}.Ad-Hoc|iPhone.ActiveCfg = Release|Any CPU
		{116B196B-B6DA-423A-A11D-38368D546054}.Ad-Hoc|iPhone.Build.0 = Release|Any CPU
		{116B196B-B6DA-423A-A11D-38368D546054}.Ad-Hoc|iPhoneSimulator.ActiveCfg = Release|Any CPU
		{116B196B-B6DA-423A-A11D-38368D546054}.Ad-Hoc|iPhoneSimulator.Build.0 = Release|Any CPU
		{116B196B-B6DA-423A-A11D-38368D546054}.Ad-Hoc|x64.ActiveCfg = Release|Any CPU
		{116B196B-B6DA-423A-A11D-38368D546054}.Ad-Hoc|x64.Build.0 = Release|Any CPU
		{116B196B-B6DA-423A-A11D-38368D546054}.Ad-Hoc|x86.ActiveCfg = Release|Any CPU
		{116B196B-B6DA-423A-A11D-38368D546054}.Ad-Hoc|x86.Build.0 = Release|Any CPU
		{116B196B-B6DA-423A-A11D-38368D546054}.AppStore|Any CPU.ActiveCfg = Release|Any CPU
		{116B196B-B6DA-423A-A11D-38368D546054}.AppStore|Any CPU.Build.0 = Release|Any CPU
		{116B196B-B6DA-423A-A11D-38368D546054}.AppStore|ARM.ActiveCfg = Release|Any CPU
		{116B196B-B6DA-423A-A11D-38368D546054}.AppStore|ARM.Build.0 = Release|Any CPU
		{116B196B-B6DA-423A-A11D-38368D546054}.AppStore|ARM64.ActiveCfg = Release|Any CPU
		{116B196B-B6DA-423A-A11D-38368D546054}.AppStore|ARM64.Build.0 = Release|Any CPU
		{116B196B-B6DA-423A-A11D-38368D546054}.AppStore|iPhone.ActiveCfg = Release|Any CPU
		{116B196B-B6DA-423A-A11D-38368D546054}.AppStore|iPhone.Build.0 = Release|Any CPU
		{116B196B-B6DA-423A-A11D-38368D546054}.AppStore|iPhoneSimulator.ActiveCfg = Release|Any CPU
		{116B196B-B6DA-423A-A11D-38368D546054}.AppStore|iPhoneSimulator.Build.0 = Release|Any CPU
		{116B196B-B6DA-423A-A11D-38368D546054}.AppStore|x64.ActiveCfg = Release|Any CPU
		{116B196B-B6DA-423A-A11D-38368D546054}.AppStore|x64.Build.0 = Release|Any CPU
		{116B196B-B6DA-423A-A11D-38368D546054}.AppStore|x86.ActiveCfg = Release|Any CPU
		{116B196B-B6DA-423A-A11D-38368D546054}.AppStore|x86.Build.0 = Release|Any CPU
		{116B196B-B6DA-423A-A11D-38368D546054}.Debug|Any CPU.ActiveCfg = Debug|Any CPU
		{116B196B-B6DA-423A-A11D-38368D546054}.Debug|Any CPU.Build.0 = Debug|Any CPU
		{116B196B-B6DA-423A-A11D-38368D546054}.Debug|ARM.ActiveCfg = Debug|Any CPU
		{116B196B-B6DA-423A-A11D-38368D546054}.Debug|ARM.Build.0 = Debug|Any CPU
		{116B196B-B6DA-423A-A11D-38368D546054}.Debug|ARM64.ActiveCfg = Debug|Any CPU
		{116B196B-B6DA-423A-A11D-38368D546054}.Debug|ARM64.Build.0 = Debug|Any CPU
		{116B196B-B6DA-423A-A11D-38368D546054}.Debug|iPhone.ActiveCfg = Debug|Any CPU
		{116B196B-B6DA-423A-A11D-38368D546054}.Debug|iPhone.Build.0 = Debug|Any CPU
		{116B196B-B6DA-423A-A11D-38368D546054}.Debug|iPhoneSimulator.ActiveCfg = Debug|Any CPU
		{116B196B-B6DA-423A-A11D-38368D546054}.Debug|iPhoneSimulator.Build.0 = Debug|Any CPU
		{116B196B-B6DA-423A-A11D-38368D546054}.Debug|x64.ActiveCfg = Debug|Any CPU
		{116B196B-B6DA-423A-A11D-38368D546054}.Debug|x64.Build.0 = Debug|Any CPU
		{116B196B-B6DA-423A-A11D-38368D546054}.Debug|x86.ActiveCfg = Debug|Any CPU
		{116B196B-B6DA-423A-A11D-38368D546054}.Debug|x86.Build.0 = Debug|Any CPU
		{116B196B-B6DA-423A-A11D-38368D546054}.Release|Any CPU.ActiveCfg = Release|Any CPU
		{116B196B-B6DA-423A-A11D-38368D546054}.Release|Any CPU.Build.0 = Release|Any CPU
		{116B196B-B6DA-423A-A11D-38368D546054}.Release|ARM.ActiveCfg = Release|Any CPU
		{116B196B-B6DA-423A-A11D-38368D546054}.Release|ARM.Build.0 = Release|Any CPU
		{116B196B-B6DA-423A-A11D-38368D546054}.Release|ARM64.ActiveCfg = Release|Any CPU
		{116B196B-B6DA-423A-A11D-38368D546054}.Release|ARM64.Build.0 = Release|Any CPU
		{116B196B-B6DA-423A-A11D-38368D546054}.Release|iPhone.ActiveCfg = Release|Any CPU
		{116B196B-B6DA-423A-A11D-38368D546054}.Release|iPhone.Build.0 = Release|Any CPU
		{116B196B-B6DA-423A-A11D-38368D546054}.Release|iPhoneSimulator.ActiveCfg = Release|Any CPU
		{116B196B-B6DA-423A-A11D-38368D546054}.Release|iPhoneSimulator.Build.0 = Release|Any CPU
		{116B196B-B6DA-423A-A11D-38368D546054}.Release|x64.ActiveCfg = Release|Any CPU
		{116B196B-B6DA-423A-A11D-38368D546054}.Release|x64.Build.0 = Release|Any CPU
		{116B196B-B6DA-423A-A11D-38368D546054}.Release|x86.ActiveCfg = Release|Any CPU
		{116B196B-B6DA-423A-A11D-38368D546054}.Release|x86.Build.0 = Release|Any CPU
		{9A282B60-DA8F-4E86-9A42-4310DB0D54F9}.Ad-Hoc|Any CPU.ActiveCfg = Debug|iPhoneSimulator
		{9A282B60-DA8F-4E86-9A42-4310DB0D54F9}.Ad-Hoc|Any CPU.Build.0 = Debug|iPhoneSimulator
		{9A282B60-DA8F-4E86-9A42-4310DB0D54F9}.Ad-Hoc|ARM.ActiveCfg = Debug|iPhoneSimulator
		{9A282B60-DA8F-4E86-9A42-4310DB0D54F9}.Ad-Hoc|ARM.Build.0 = Debug|iPhoneSimulator
		{9A282B60-DA8F-4E86-9A42-4310DB0D54F9}.Ad-Hoc|ARM64.ActiveCfg = Debug|iPhoneSimulator
		{9A282B60-DA8F-4E86-9A42-4310DB0D54F9}.Ad-Hoc|ARM64.Build.0 = Debug|iPhoneSimulator
		{9A282B60-DA8F-4E86-9A42-4310DB0D54F9}.Ad-Hoc|iPhone.ActiveCfg = Debug|iPhoneSimulator
		{9A282B60-DA8F-4E86-9A42-4310DB0D54F9}.Ad-Hoc|iPhone.Build.0 = Debug|iPhoneSimulator
		{9A282B60-DA8F-4E86-9A42-4310DB0D54F9}.Ad-Hoc|iPhoneSimulator.ActiveCfg = Debug|iPhoneSimulator
		{9A282B60-DA8F-4E86-9A42-4310DB0D54F9}.Ad-Hoc|iPhoneSimulator.Build.0 = Debug|iPhoneSimulator
		{9A282B60-DA8F-4E86-9A42-4310DB0D54F9}.Ad-Hoc|x64.ActiveCfg = Debug|iPhoneSimulator
		{9A282B60-DA8F-4E86-9A42-4310DB0D54F9}.Ad-Hoc|x64.Build.0 = Debug|iPhoneSimulator
		{9A282B60-DA8F-4E86-9A42-4310DB0D54F9}.Ad-Hoc|x86.ActiveCfg = Debug|iPhoneSimulator
		{9A282B60-DA8F-4E86-9A42-4310DB0D54F9}.Ad-Hoc|x86.Build.0 = Debug|iPhoneSimulator
		{9A282B60-DA8F-4E86-9A42-4310DB0D54F9}.AppStore|Any CPU.ActiveCfg = Debug|iPhoneSimulator
		{9A282B60-DA8F-4E86-9A42-4310DB0D54F9}.AppStore|Any CPU.Build.0 = Debug|iPhoneSimulator
		{9A282B60-DA8F-4E86-9A42-4310DB0D54F9}.AppStore|ARM.ActiveCfg = Debug|iPhoneSimulator
		{9A282B60-DA8F-4E86-9A42-4310DB0D54F9}.AppStore|ARM.Build.0 = Debug|iPhoneSimulator
		{9A282B60-DA8F-4E86-9A42-4310DB0D54F9}.AppStore|ARM64.ActiveCfg = Debug|iPhoneSimulator
		{9A282B60-DA8F-4E86-9A42-4310DB0D54F9}.AppStore|ARM64.Build.0 = Debug|iPhoneSimulator
		{9A282B60-DA8F-4E86-9A42-4310DB0D54F9}.AppStore|iPhone.ActiveCfg = Debug|iPhoneSimulator
		{9A282B60-DA8F-4E86-9A42-4310DB0D54F9}.AppStore|iPhone.Build.0 = Debug|iPhoneSimulator
		{9A282B60-DA8F-4E86-9A42-4310DB0D54F9}.AppStore|iPhoneSimulator.ActiveCfg = Debug|iPhoneSimulator
		{9A282B60-DA8F-4E86-9A42-4310DB0D54F9}.AppStore|iPhoneSimulator.Build.0 = Debug|iPhoneSimulator
		{9A282B60-DA8F-4E86-9A42-4310DB0D54F9}.AppStore|x64.ActiveCfg = Debug|iPhoneSimulator
		{9A282B60-DA8F-4E86-9A42-4310DB0D54F9}.AppStore|x64.Build.0 = Debug|iPhoneSimulator
		{9A282B60-DA8F-4E86-9A42-4310DB0D54F9}.AppStore|x86.ActiveCfg = Debug|iPhoneSimulator
		{9A282B60-DA8F-4E86-9A42-4310DB0D54F9}.AppStore|x86.Build.0 = Debug|iPhoneSimulator
		{9A282B60-DA8F-4E86-9A42-4310DB0D54F9}.Debug|Any CPU.ActiveCfg = Debug|iPhoneSimulator
		{9A282B60-DA8F-4E86-9A42-4310DB0D54F9}.Debug|ARM.ActiveCfg = Debug|iPhoneSimulator
		{9A282B60-DA8F-4E86-9A42-4310DB0D54F9}.Debug|ARM64.ActiveCfg = Debug|iPhoneSimulator
		{9A282B60-DA8F-4E86-9A42-4310DB0D54F9}.Debug|iPhone.ActiveCfg = Debug|iPhoneSimulator
		{9A282B60-DA8F-4E86-9A42-4310DB0D54F9}.Debug|iPhoneSimulator.ActiveCfg = Debug|iPhoneSimulator
		{9A282B60-DA8F-4E86-9A42-4310DB0D54F9}.Debug|iPhoneSimulator.Build.0 = Debug|iPhoneSimulator
		{9A282B60-DA8F-4E86-9A42-4310DB0D54F9}.Debug|x64.ActiveCfg = Debug|iPhoneSimulator
		{9A282B60-DA8F-4E86-9A42-4310DB0D54F9}.Debug|x86.ActiveCfg = Debug|iPhoneSimulator
		{9A282B60-DA8F-4E86-9A42-4310DB0D54F9}.Release|Any CPU.ActiveCfg = Release|iPhoneSimulator
		{9A282B60-DA8F-4E86-9A42-4310DB0D54F9}.Release|ARM.ActiveCfg = Release|iPhoneSimulator
		{9A282B60-DA8F-4E86-9A42-4310DB0D54F9}.Release|ARM64.ActiveCfg = Release|iPhoneSimulator
		{9A282B60-DA8F-4E86-9A42-4310DB0D54F9}.Release|iPhone.ActiveCfg = Release|iPhoneSimulator
		{9A282B60-DA8F-4E86-9A42-4310DB0D54F9}.Release|iPhoneSimulator.ActiveCfg = Release|iPhoneSimulator
		{9A282B60-DA8F-4E86-9A42-4310DB0D54F9}.Release|iPhoneSimulator.Build.0 = Release|iPhoneSimulator
		{9A282B60-DA8F-4E86-9A42-4310DB0D54F9}.Release|x64.ActiveCfg = Release|iPhoneSimulator
		{9A282B60-DA8F-4E86-9A42-4310DB0D54F9}.Release|x86.ActiveCfg = Release|iPhoneSimulator
		{789825B0-9274-447A-A63F-9EF52150142E}.Ad-Hoc|Any CPU.ActiveCfg = Release|Any CPU
		{789825B0-9274-447A-A63F-9EF52150142E}.Ad-Hoc|Any CPU.Build.0 = Release|Any CPU
		{789825B0-9274-447A-A63F-9EF52150142E}.Ad-Hoc|ARM.ActiveCfg = Release|Any CPU
		{789825B0-9274-447A-A63F-9EF52150142E}.Ad-Hoc|ARM.Build.0 = Release|Any CPU
		{789825B0-9274-447A-A63F-9EF52150142E}.Ad-Hoc|ARM64.ActiveCfg = Release|Any CPU
		{789825B0-9274-447A-A63F-9EF52150142E}.Ad-Hoc|ARM64.Build.0 = Release|Any CPU
		{789825B0-9274-447A-A63F-9EF52150142E}.Ad-Hoc|iPhone.ActiveCfg = Release|Any CPU
		{789825B0-9274-447A-A63F-9EF52150142E}.Ad-Hoc|iPhone.Build.0 = Release|Any CPU
		{789825B0-9274-447A-A63F-9EF52150142E}.Ad-Hoc|iPhoneSimulator.ActiveCfg = Release|Any CPU
		{789825B0-9274-447A-A63F-9EF52150142E}.Ad-Hoc|iPhoneSimulator.Build.0 = Release|Any CPU
		{789825B0-9274-447A-A63F-9EF52150142E}.Ad-Hoc|x64.ActiveCfg = Release|Any CPU
		{789825B0-9274-447A-A63F-9EF52150142E}.Ad-Hoc|x64.Build.0 = Release|Any CPU
		{789825B0-9274-447A-A63F-9EF52150142E}.Ad-Hoc|x86.ActiveCfg = Release|Any CPU
		{789825B0-9274-447A-A63F-9EF52150142E}.Ad-Hoc|x86.Build.0 = Release|Any CPU
		{789825B0-9274-447A-A63F-9EF52150142E}.AppStore|Any CPU.ActiveCfg = Release|Any CPU
		{789825B0-9274-447A-A63F-9EF52150142E}.AppStore|Any CPU.Build.0 = Release|Any CPU
		{789825B0-9274-447A-A63F-9EF52150142E}.AppStore|ARM.ActiveCfg = Release|Any CPU
		{789825B0-9274-447A-A63F-9EF52150142E}.AppStore|ARM.Build.0 = Release|Any CPU
		{789825B0-9274-447A-A63F-9EF52150142E}.AppStore|ARM64.ActiveCfg = Release|Any CPU
		{789825B0-9274-447A-A63F-9EF52150142E}.AppStore|ARM64.Build.0 = Release|Any CPU
		{789825B0-9274-447A-A63F-9EF52150142E}.AppStore|iPhone.ActiveCfg = Release|Any CPU
		{789825B0-9274-447A-A63F-9EF52150142E}.AppStore|iPhone.Build.0 = Release|Any CPU
		{789825B0-9274-447A-A63F-9EF52150142E}.AppStore|iPhoneSimulator.ActiveCfg = Release|Any CPU
		{789825B0-9274-447A-A63F-9EF52150142E}.AppStore|iPhoneSimulator.Build.0 = Release|Any CPU
		{789825B0-9274-447A-A63F-9EF52150142E}.AppStore|x64.ActiveCfg = Release|Any CPU
		{789825B0-9274-447A-A63F-9EF52150142E}.AppStore|x64.Build.0 = Release|Any CPU
		{789825B0-9274-447A-A63F-9EF52150142E}.AppStore|x86.ActiveCfg = Release|Any CPU
		{789825B0-9274-447A-A63F-9EF52150142E}.AppStore|x86.Build.0 = Release|Any CPU
		{789825B0-9274-447A-A63F-9EF52150142E}.Debug|Any CPU.ActiveCfg = Debug|Any CPU
		{789825B0-9274-447A-A63F-9EF52150142E}.Debug|Any CPU.Build.0 = Debug|Any CPU
		{789825B0-9274-447A-A63F-9EF52150142E}.Debug|ARM.ActiveCfg = Debug|Any CPU
		{789825B0-9274-447A-A63F-9EF52150142E}.Debug|ARM.Build.0 = Debug|Any CPU
		{789825B0-9274-447A-A63F-9EF52150142E}.Debug|ARM64.ActiveCfg = Debug|Any CPU
		{789825B0-9274-447A-A63F-9EF52150142E}.Debug|ARM64.Build.0 = Debug|Any CPU
		{789825B0-9274-447A-A63F-9EF52150142E}.Debug|iPhone.ActiveCfg = Debug|Any CPU
		{789825B0-9274-447A-A63F-9EF52150142E}.Debug|iPhone.Build.0 = Debug|Any CPU
		{789825B0-9274-447A-A63F-9EF52150142E}.Debug|iPhoneSimulator.ActiveCfg = Debug|Any CPU
		{789825B0-9274-447A-A63F-9EF52150142E}.Debug|iPhoneSimulator.Build.0 = Debug|Any CPU
		{789825B0-9274-447A-A63F-9EF52150142E}.Debug|x64.ActiveCfg = Debug|Any CPU
		{789825B0-9274-447A-A63F-9EF52150142E}.Debug|x64.Build.0 = Debug|Any CPU
		{789825B0-9274-447A-A63F-9EF52150142E}.Debug|x86.ActiveCfg = Debug|Any CPU
		{789825B0-9274-447A-A63F-9EF52150142E}.Debug|x86.Build.0 = Debug|Any CPU
		{789825B0-9274-447A-A63F-9EF52150142E}.Release|Any CPU.ActiveCfg = Release|Any CPU
		{789825B0-9274-447A-A63F-9EF52150142E}.Release|Any CPU.Build.0 = Release|Any CPU
		{789825B0-9274-447A-A63F-9EF52150142E}.Release|ARM.ActiveCfg = Release|Any CPU
		{789825B0-9274-447A-A63F-9EF52150142E}.Release|ARM.Build.0 = Release|Any CPU
		{789825B0-9274-447A-A63F-9EF52150142E}.Release|ARM64.ActiveCfg = Release|Any CPU
		{789825B0-9274-447A-A63F-9EF52150142E}.Release|ARM64.Build.0 = Release|Any CPU
		{789825B0-9274-447A-A63F-9EF52150142E}.Release|iPhone.ActiveCfg = Release|Any CPU
		{789825B0-9274-447A-A63F-9EF52150142E}.Release|iPhone.Build.0 = Release|Any CPU
		{789825B0-9274-447A-A63F-9EF52150142E}.Release|iPhoneSimulator.ActiveCfg = Release|Any CPU
		{789825B0-9274-447A-A63F-9EF52150142E}.Release|iPhoneSimulator.Build.0 = Release|Any CPU
		{789825B0-9274-447A-A63F-9EF52150142E}.Release|x64.ActiveCfg = Release|Any CPU
		{789825B0-9274-447A-A63F-9EF52150142E}.Release|x64.Build.0 = Release|Any CPU
		{789825B0-9274-447A-A63F-9EF52150142E}.Release|x86.ActiveCfg = Release|Any CPU
		{789825B0-9274-447A-A63F-9EF52150142E}.Release|x86.Build.0 = Release|Any CPU
		{FF05126E-E479-47C5-AA90-ADA6A207745E}.Ad-Hoc|Any CPU.ActiveCfg = Debug|Any CPU
		{FF05126E-E479-47C5-AA90-ADA6A207745E}.Ad-Hoc|Any CPU.Build.0 = Debug|Any CPU
		{FF05126E-E479-47C5-AA90-ADA6A207745E}.Ad-Hoc|ARM.ActiveCfg = Debug|Any CPU
		{FF05126E-E479-47C5-AA90-ADA6A207745E}.Ad-Hoc|ARM.Build.0 = Debug|Any CPU
		{FF05126E-E479-47C5-AA90-ADA6A207745E}.Ad-Hoc|ARM64.ActiveCfg = Debug|Any CPU
		{FF05126E-E479-47C5-AA90-ADA6A207745E}.Ad-Hoc|ARM64.Build.0 = Debug|Any CPU
		{FF05126E-E479-47C5-AA90-ADA6A207745E}.Ad-Hoc|iPhone.ActiveCfg = Debug|Any CPU
		{FF05126E-E479-47C5-AA90-ADA6A207745E}.Ad-Hoc|iPhone.Build.0 = Debug|Any CPU
		{FF05126E-E479-47C5-AA90-ADA6A207745E}.Ad-Hoc|iPhoneSimulator.ActiveCfg = Debug|Any CPU
		{FF05126E-E479-47C5-AA90-ADA6A207745E}.Ad-Hoc|iPhoneSimulator.Build.0 = Debug|Any CPU
		{FF05126E-E479-47C5-AA90-ADA6A207745E}.Ad-Hoc|x64.ActiveCfg = Debug|Any CPU
		{FF05126E-E479-47C5-AA90-ADA6A207745E}.Ad-Hoc|x64.Build.0 = Debug|Any CPU
		{FF05126E-E479-47C5-AA90-ADA6A207745E}.Ad-Hoc|x86.ActiveCfg = Debug|Any CPU
		{FF05126E-E479-47C5-AA90-ADA6A207745E}.Ad-Hoc|x86.Build.0 = Debug|Any CPU
		{FF05126E-E479-47C5-AA90-ADA6A207745E}.AppStore|Any CPU.ActiveCfg = Debug|Any CPU
		{FF05126E-E479-47C5-AA90-ADA6A207745E}.AppStore|Any CPU.Build.0 = Debug|Any CPU
		{FF05126E-E479-47C5-AA90-ADA6A207745E}.AppStore|ARM.ActiveCfg = Debug|Any CPU
		{FF05126E-E479-47C5-AA90-ADA6A207745E}.AppStore|ARM.Build.0 = Debug|Any CPU
		{FF05126E-E479-47C5-AA90-ADA6A207745E}.AppStore|ARM64.ActiveCfg = Debug|Any CPU
		{FF05126E-E479-47C5-AA90-ADA6A207745E}.AppStore|ARM64.Build.0 = Debug|Any CPU
		{FF05126E-E479-47C5-AA90-ADA6A207745E}.AppStore|iPhone.ActiveCfg = Debug|Any CPU
		{FF05126E-E479-47C5-AA90-ADA6A207745E}.AppStore|iPhone.Build.0 = Debug|Any CPU
		{FF05126E-E479-47C5-AA90-ADA6A207745E}.AppStore|iPhoneSimulator.ActiveCfg = Debug|Any CPU
		{FF05126E-E479-47C5-AA90-ADA6A207745E}.AppStore|iPhoneSimulator.Build.0 = Debug|Any CPU
		{FF05126E-E479-47C5-AA90-ADA6A207745E}.AppStore|x64.ActiveCfg = Debug|Any CPU
		{FF05126E-E479-47C5-AA90-ADA6A207745E}.AppStore|x64.Build.0 = Debug|Any CPU
		{FF05126E-E479-47C5-AA90-ADA6A207745E}.AppStore|x86.ActiveCfg = Debug|Any CPU
		{FF05126E-E479-47C5-AA90-ADA6A207745E}.AppStore|x86.Build.0 = Debug|Any CPU
		{FF05126E-E479-47C5-AA90-ADA6A207745E}.Debug|Any CPU.ActiveCfg = Debug|Any CPU
		{FF05126E-E479-47C5-AA90-ADA6A207745E}.Debug|Any CPU.Build.0 = Debug|Any CPU
		{FF05126E-E479-47C5-AA90-ADA6A207745E}.Debug|ARM.ActiveCfg = Debug|Any CPU
		{FF05126E-E479-47C5-AA90-ADA6A207745E}.Debug|ARM.Build.0 = Debug|Any CPU
		{FF05126E-E479-47C5-AA90-ADA6A207745E}.Debug|ARM64.ActiveCfg = Debug|Any CPU
		{FF05126E-E479-47C5-AA90-ADA6A207745E}.Debug|ARM64.Build.0 = Debug|Any CPU
		{FF05126E-E479-47C5-AA90-ADA6A207745E}.Debug|iPhone.ActiveCfg = Debug|Any CPU
		{FF05126E-E479-47C5-AA90-ADA6A207745E}.Debug|iPhone.Build.0 = Debug|Any CPU
		{FF05126E-E479-47C5-AA90-ADA6A207745E}.Debug|iPhoneSimulator.ActiveCfg = Debug|Any CPU
		{FF05126E-E479-47C5-AA90-ADA6A207745E}.Debug|iPhoneSimulator.Build.0 = Debug|Any CPU
		{FF05126E-E479-47C5-AA90-ADA6A207745E}.Debug|x64.ActiveCfg = Debug|Any CPU
		{FF05126E-E479-47C5-AA90-ADA6A207745E}.Debug|x64.Build.0 = Debug|Any CPU
		{FF05126E-E479-47C5-AA90-ADA6A207745E}.Debug|x86.ActiveCfg = Debug|Any CPU
		{FF05126E-E479-47C5-AA90-ADA6A207745E}.Debug|x86.Build.0 = Debug|Any CPU
		{FF05126E-E479-47C5-AA90-ADA6A207745E}.Release|Any CPU.ActiveCfg = Release|Any CPU
		{FF05126E-E479-47C5-AA90-ADA6A207745E}.Release|Any CPU.Build.0 = Release|Any CPU
		{FF05126E-E479-47C5-AA90-ADA6A207745E}.Release|ARM.ActiveCfg = Release|Any CPU
		{FF05126E-E479-47C5-AA90-ADA6A207745E}.Release|ARM.Build.0 = Release|Any CPU
		{FF05126E-E479-47C5-AA90-ADA6A207745E}.Release|ARM64.ActiveCfg = Release|Any CPU
		{FF05126E-E479-47C5-AA90-ADA6A207745E}.Release|ARM64.Build.0 = Release|Any CPU
		{FF05126E-E479-47C5-AA90-ADA6A207745E}.Release|iPhone.ActiveCfg = Release|Any CPU
		{FF05126E-E479-47C5-AA90-ADA6A207745E}.Release|iPhone.Build.0 = Release|Any CPU
		{FF05126E-E479-47C5-AA90-ADA6A207745E}.Release|iPhoneSimulator.ActiveCfg = Release|Any CPU
		{FF05126E-E479-47C5-AA90-ADA6A207745E}.Release|iPhoneSimulator.Build.0 = Release|Any CPU
		{FF05126E-E479-47C5-AA90-ADA6A207745E}.Release|x64.ActiveCfg = Release|Any CPU
		{FF05126E-E479-47C5-AA90-ADA6A207745E}.Release|x64.Build.0 = Release|Any CPU
		{FF05126E-E479-47C5-AA90-ADA6A207745E}.Release|x86.ActiveCfg = Release|Any CPU
		{FF05126E-E479-47C5-AA90-ADA6A207745E}.Release|x86.Build.0 = Release|Any CPU
	EndGlobalSection
	GlobalSection(SolutionProperties) = preSolution
		HideSolutionNode = FALSE
	EndGlobalSection
	GlobalSection(ExtensibilityGlobals) = postSolution
		SolutionGuid = {07505552-904E-4482-8FC3-C776C517CD6A}
	EndGlobalSection
EndGlobal
